
Microsoft Visual Studio Solution File, Format Version 12.00
# Visual Studio Version 17
VisualStudioVersion = 17.1.32414.318
MinimumVisualStudioVersion = 10.0.40219.1
Project("{FAE04EC0-301F-11D3-BF4B-00C04F79EFBC}") = "LeetCode", "LeetCode\LeetCode.csproj", "{2A098300-E40E-4FBA-8A28-69DFF611699F}"
EndProject
Project("{FAE04EC0-301F-11D3-BF4B-00C04F79EFBC}") = "LeetCodeTests1", "LeetCodeTests1\LeetCodeTests1.csproj", "{CF26A898-1B50-4EBA-B016-EF0669F8DB75}"
EndProject
Global
	GlobalSection(SolutionConfigurationPlatforms) = preSolution
		Debug|Any CPU = Debug|Any CPU
		Release|Any CPU = Release|Any CPU
	EndGlobalSection
	GlobalSection(ProjectConfigurationPlatforms) = postSolution
		{2A098300-E40E-4FBA-8A28-69DFF611699F}.Debug|Any CPU.ActiveCfg = Debug|Any CPU
		{2A098300-E40E-4FBA-8A28-69DFF611699F}.Debug|Any CPU.Build.0 = Debug|Any CPU
		{2A098300-E40E-4FBA-8A28-69DFF611699F}.Release|Any CPU.ActiveCfg = Release|Any CPU
		{2A098300-E40E-4FBA-8A28-69DFF611699F}.Release|Any CPU.Build.0 = Release|Any CPU
		{CF26A898-1B50-4EBA-B016-EF0669F8DB75}.Debug|Any CPU.ActiveCfg = Debug|Any CPU
		{CF26A898-1B50-4EBA-B016-EF0669F8DB75}.Debug|Any CPU.Build.0 = Debug|Any CPU
		{CF26A898-1B50-4EBA-B016-EF0669F8DB75}.Release|Any CPU.ActiveCfg = Release|Any CPU
		{CF26A898-1B50-4EBA-B016-EF0669F8DB75}.Release|Any CPU.Build.0 = Release|Any CPU
	EndGlobalSection
	GlobalSection(SolutionProperties) = preSolution
		HideSolutionNode = FALSE
	EndGlobalSection
	GlobalSection(ExtensibilityGlobals) = postSolution
		SolutionGuid = {E5198651-652A-4777-AB7A-EB087E5C80AF}
	EndGlobalSection
EndGlobal
